
Microsoft Visual Studio Solution File, Format Version 12.00
# Visual Studio Version 17
VisualStudioVersion = 17.11.35312.102
MinimumVisualStudioVersion = 10.0.40219.1
Project("{FAE04EC0-301F-11D3-BF4B-00C04F79EFBC}") = "WpfApp6.1", "WpfApp6.1\WpfApp6.1.csproj", "{BD37B6EB-CE6A-4549-8C8E-4B2F200BDC87}"
EndProject
Global
	GlobalSection(SolutionConfigurationPlatforms) = preSolution
		Debug|Any CPU = Debug|Any CPU
		Release|Any CPU = Release|Any CPU
	EndGlobalSection
	GlobalSection(ProjectConfigurationPlatforms) = postSolution
		{BD37B6EB-CE6A-4549-8C8E-4B2F200BDC87}.Debug|Any CPU.ActiveCfg = Debug|Any CPU
		{BD37B6EB-CE6A-4549-8C8E-4B2F200BDC87}.Debug|Any CPU.Build.0 = Debug|Any CPU
		{BD37B6EB-CE6A-4549-8C8E-4B2F200BDC87}.Release|Any CPU.ActiveCfg = Release|Any CPU
		{BD37B6EB-CE6A-4549-8C8E-4B2F200BDC87}.Release|Any CPU.Build.0 = Release|Any CPU
	EndGlobalSection
	GlobalSection(SolutionProperties) = preSolution
		HideSolutionNode = FALSE
	EndGlobalSection
	GlobalSection(ExtensibilityGlobals) = postSolution
		SolutionGuid = {C3B500E3-04E0-4CC3-9110-C58416BA1C4D}
	EndGlobalSection
EndGlobal
